
Microsoft Visual Studio Solution File, Format Version 12.00
# Visual Studio Version 16
VisualStudioVersion = 16.0.31515.178
MinimumVisualStudioVersion = 10.0.40219.1
Project("{FAE04EC0-301F-11D3-BF4B-00C04F79EFBC}") = "SEDC.BookLibraryApp.Domain", "SEDC.BookLibraryApp.Domain\SEDC.BookLibraryApp.Domain.csproj", "{B656D1A2-E3AF-4DFB-8487-6B0B03A8C6A1}"
EndProject
Project("{FAE04EC0-301F-11D3-BF4B-00C04F79EFBC}") = "SEDC.BookLibraryApp.DataAccess", "SEDC.BookLibraryApp.DataAccess\SEDC.BookLibraryApp.DataAccess.csproj", "{959C8B71-E682-4F2A-9A2C-75EE6FB8ADD0}"
EndProject
Project("{FAE04EC0-301F-11D3-BF4B-00C04F79EFBC}") = "SEDC.BookLibraryApp.ViewModels", "SEDC.BookLibraryApp.ViewModels\SEDC.BookLibraryApp.ViewModels.csproj", "{7F49B118-40CB-4B78-A67F-C34F56C7E694}"
EndProject
Project("{FAE04EC0-301F-11D3-BF4B-00C04F79EFBC}") = "SEDC.BookLibraryApp.Mappers", "SEDC.BookLibraryApp.Mappers\SEDC.BookLibraryApp.Mappers.csproj", "{97EE9620-314D-46A4-895E-7AD7FF61599F}"
EndProject
Project("{FAE04EC0-301F-11D3-BF4B-00C04F79EFBC}") = "SEDC.BookLibraryApp.Services", "SEDC.BookLibraryApp.Services\SEDC.BookLibraryApp.Services.csproj", "{AF5D2ED2-18BC-46F9-91C0-BB50D1BF77B1}"
EndProject
Project("{FAE04EC0-301F-11D3-BF4B-00C04F79EFBC}") = "SEDC.BookLibraryApp.WebApp", "SEDC.BookLibraryApp.WebApp\SEDC.BookLibraryApp.WebApp.csproj", "{EFF5626A-3B00-49C3-9C1F-D5F9D4EB3201}"
EndProject
Global
	GlobalSection(SolutionConfigurationPlatforms) = preSolution
		Debug|Any CPU = Debug|Any CPU
		Release|Any CPU = Release|Any CPU
	EndGlobalSection
	GlobalSection(ProjectConfigurationPlatforms) = postSolution
		{B656D1A2-E3AF-4DFB-8487-6B0B03A8C6A1}.Debug|Any CPU.ActiveCfg = Debug|Any CPU
		{B656D1A2-E3AF-4DFB-8487-6B0B03A8C6A1}.Debug|Any CPU.Build.0 = Debug|Any CPU
		{B656D1A2-E3AF-4DFB-8487-6B0B03A8C6A1}.Release|Any CPU.ActiveCfg = Release|Any CPU
		{B656D1A2-E3AF-4DFB-8487-6B0B03A8C6A1}.Release|Any CPU.Build.0 = Release|Any CPU
		{959C8B71-E682-4F2A-9A2C-75EE6FB8ADD0}.Debug|Any CPU.ActiveCfg = Debug|Any CPU
		{959C8B71-E682-4F2A-9A2C-75EE6FB8ADD0}.Debug|Any CPU.Build.0 = Debug|Any CPU
		{959C8B71-E682-4F2A-9A2C-75EE6FB8ADD0}.Release|Any CPU.ActiveCfg = Release|Any CPU
		{959C8B71-E682-4F2A-9A2C-75EE6FB8ADD0}.Release|Any CPU.Build.0 = Release|Any CPU
		{7F49B118-40CB-4B78-A67F-C34F56C7E694}.Debug|Any CPU.ActiveCfg = Debug|Any CPU
		{7F49B118-40CB-4B78-A67F-C34F56C7E694}.Debug|Any CPU.Build.0 = Debug|Any CPU
		{7F49B118-40CB-4B78-A67F-C34F56C7E694}.Release|Any CPU.ActiveCfg = Release|Any CPU
		{7F49B118-40CB-4B78-A67F-C34F56C7E694}.Release|Any CPU.Build.0 = Release|Any CPU
		{97EE9620-314D-46A4-895E-7AD7FF61599F}.Debug|Any CPU.ActiveCfg = Debug|Any CPU
		{97EE9620-314D-46A4-895E-7AD7FF61599F}.Debug|Any CPU.Build.0 = Debug|Any CPU
		{97EE9620-314D-46A4-895E-7AD7FF61599F}.Release|Any CPU.ActiveCfg = Release|Any CPU
		{97EE9620-314D-46A4-895E-7AD7FF61599F}.Release|Any CPU.Build.0 = Release|Any CPU
		{AF5D2ED2-18BC-46F9-91C0-BB50D1BF77B1}.Debug|Any CPU.ActiveCfg = Debug|Any CPU
		{AF5D2ED2-18BC-46F9-91C0-BB50D1BF77B1}.Debug|Any CPU.Build.0 = Debug|Any CPU
		{AF5D2ED2-18BC-46F9-91C0-BB50D1BF77B1}.Release|Any CPU.ActiveCfg = Release|Any CPU
		{AF5D2ED2-18BC-46F9-91C0-BB50D1BF77B1}.Release|Any CPU.Build.0 = Release|Any CPU
		{EFF5626A-3B00-49C3-9C1F-D5F9D4EB3201}.Debug|Any CPU.ActiveCfg = Debug|Any CPU
		{EFF5626A-3B00-49C3-9C1F-D5F9D4EB3201}.Debug|Any CPU.Build.0 = Debug|Any CPU
		{EFF5626A-3B00-49C3-9C1F-D5F9D4EB3201}.Release|Any CPU.ActiveCfg = Release|Any CPU
		{EFF5626A-3B00-49C3-9C1F-D5F9D4EB3201}.Release|Any CPU.Build.0 = Release|Any CPU
	EndGlobalSection
	GlobalSection(SolutionProperties) = preSolution
		HideSolutionNode = FALSE
	EndGlobalSection
	GlobalSection(ExtensibilityGlobals) = postSolution
		SolutionGuid = {F0451234-EBD3-47DF-B801-8F460FFC723A}
	EndGlobalSection
EndGlobal
